
Microsoft Visual Studio Solution File, Format Version 12.00
# Visual Studio Version 17
VisualStudioVersion = 17.8.34330.188
MinimumVisualStudioVersion = 10.0.40219.1
Project("{FAE04EC0-301F-11D3-BF4B-00C04F79EFBC}") = "Warehouse Management", "Warehouse Management\Warehouse Management.csproj", "{69A9475C-0C51-4A91-B929-14679A1D2574}"
EndProject
Project("{FAE04EC0-301F-11D3-BF4B-00C04F79EFBC}") = "WarehouseManagement.Control", "WarehouseManagement.Control\WarehouseManagement.Control.csproj", "{04D0F3ED-2585-4CEF-82CB-5C63A2086B4E}"
EndProject
Global
	GlobalSection(SolutionConfigurationPlatforms) = preSolution
		Debug|Any CPU = Debug|Any CPU
		Release|Any CPU = Release|Any CPU
	EndGlobalSection
	GlobalSection(ProjectConfigurationPlatforms) = postSolution
		{69A9475C-0C51-4A91-B929-14679A1D2574}.Debug|Any CPU.ActiveCfg = Debug|Any CPU
		{69A9475C-0C51-4A91-B929-14679A1D2574}.Debug|Any CPU.Build.0 = Debug|Any CPU
		{69A9475C-0C51-4A91-B929-14679A1D2574}.Release|Any CPU.ActiveCfg = Release|Any CPU
		{69A9475C-0C51-4A91-B929-14679A1D2574}.Release|Any CPU.Build.0 = Release|Any CPU
		{04D0F3ED-2585-4CEF-82CB-5C63A2086B4E}.Debug|Any CPU.ActiveCfg = Debug|Any CPU
		{04D0F3ED-2585-4CEF-82CB-5C63A2086B4E}.Debug|Any CPU.Build.0 = Debug|Any CPU
		{04D0F3ED-2585-4CEF-82CB-5C63A2086B4E}.Release|Any CPU.ActiveCfg = Release|Any CPU
		{04D0F3ED-2585-4CEF-82CB-5C63A2086B4E}.Release|Any CPU.Build.0 = Release|Any CPU
	EndGlobalSection
	GlobalSection(SolutionProperties) = preSolution
		HideSolutionNode = FALSE
	EndGlobalSection
	GlobalSection(ExtensibilityGlobals) = postSolution
		SolutionGuid = {E624B7C3-1A27-407D-AC3F-2CF7715FC0B5}
	EndGlobalSection
EndGlobal
